{
  "name": "gatsby-starter-business",
  "version": "2.1.2",
  "lockfileVersion": 1,
  "requires": true,
  "dependencies": {
    "gatsby-plugin-crisp-chat": {
      "version": "3.2.2",
      "resolved": "https://registry.npmjs.org/gatsby-plugin-crisp-chat/-/gatsby-plugin-crisp-chat-3.2.2.tgz",
      "integrity": "sha512-7bFR/dEBu2u33kw6nGwoZN07Fy/LakB1k6f9SX4y6IZlzmNA4srbMCY/JMRz6yl0qskO7FfFP+xl01MXdEKkZw=="
    }
  }
}
